
Microsoft Visual Studio Solution File, Format Version 12.00
# Visual Studio Version 16
VisualStudioVersion = 16.0.30413.136
MinimumVisualStudioVersion = 10.0.40219.1
Project("{9A19103F-16F7-4668-BE54-9A1E7A4F7556}") = "TokenGenerator.Web", "TokenGenerator.Web\TokenGenerator.Web.csproj", "{A8AC955F-35ED-4450-B125-14A547577EA9}"
EndProject
Project("{FAE04EC0-301F-11D3-BF4B-00C04F79EFBC}") = "HttpClientWorker", "HttpClientWorker\HttpClientWorker.csproj", "{77EB956F-3964-425F-91D6-C17EBA00F5D6}"
EndProject
Global
	GlobalSection(SolutionConfigurationPlatforms) = preSolution
		Debug|Any CPU = Debug|Any CPU
		Release|Any CPU = Release|Any CPU
	EndGlobalSection
	GlobalSection(ProjectConfigurationPlatforms) = postSolution
		{A8AC955F-35ED-4450-B125-14A547577EA9}.Debug|Any CPU.ActiveCfg = Debug|Any CPU
		{A8AC955F-35ED-4450-B125-14A547577EA9}.Debug|Any CPU.Build.0 = Debug|Any CPU
		{A8AC955F-35ED-4450-B125-14A547577EA9}.Release|Any CPU.ActiveCfg = Release|Any CPU
		{A8AC955F-35ED-4450-B125-14A547577EA9}.Release|Any CPU.Build.0 = Release|Any CPU
		{77EB956F-3964-425F-91D6-C17EBA00F5D6}.Debug|Any CPU.ActiveCfg = Debug|Any CPU
		{77EB956F-3964-425F-91D6-C17EBA00F5D6}.Debug|Any CPU.Build.0 = Debug|Any CPU
		{77EB956F-3964-425F-91D6-C17EBA00F5D6}.Release|Any CPU.ActiveCfg = Release|Any CPU
		{77EB956F-3964-425F-91D6-C17EBA00F5D6}.Release|Any CPU.Build.0 = Release|Any CPU
	EndGlobalSection
	GlobalSection(SolutionProperties) = preSolution
		HideSolutionNode = FALSE
	EndGlobalSection
	GlobalSection(ExtensibilityGlobals) = postSolution
		SolutionGuid = {8F59F90B-903E-4AB4-93A8-6AFE78A88565}
	EndGlobalSection
EndGlobal
